{
  "object": {
    "pins": [
      {
        "package": "ReactiveSwift",
        "repositoryURL": "https://github.com/ReactiveCocoa/ReactiveSwift.git",
        "state": {
          "branch": null,
          "revision": "4a8e1e4a683e96daf658f68132dae781738bc862",
          "version": "6.6.0"
        }
      },
      {
        "package": "Slowbox",
        "repositoryURL": "https://github.com/bendiksolheim/Slowbox.git",
        "state": {
          "branch": null,
          "revision": "a3dcafd3867253eb8f4ad24fafc50a97bd901fdb",
          "version": "0.1.0"
        }
      }
    ]
  },
  "version": 1
}
