{
  "object": {
    "pins": [
      {
        "package": "ReactiveSwift",
        "repositoryURL": "https://github.com/ReactiveCocoa/ReactiveSwift.git",
        "state": {
          "branch": null,
          "revision": "4a8e1e4a683e96daf658f68132dae781738bc862",
          "version": "6.6.0"
        }
      },
      {
        "package": "TermSwift",
        "repositoryURL": "https://github.com/bendiksolheim/TermSwift.git",
        "state": {
          "branch": "master",
          "revision": "0aa58f35d79c22c8f3e4b8dcb328664b8ad8ca3f",
          "version": null
        }
      }
    ]
  },
  "version": 1
}
