// !$*UTF8*$!
{
	archiveVersion = 1;
	classes = {
	};
	objectVersion = 46;
	objects = {

/* Begin PBXAggregateTarget section */
		"tea::teaPackageTests::ProductTarget" /* teaPackageTests */ = {
			isa = PBXAggregateTarget;
			buildConfigurationList = OBJ_196 /* Build configuration list for PBXAggregateTarget "teaPackageTests" */;
			buildPhases = (
			);
			dependencies = (
				OBJ_199 /* PBXTargetDependency */,
			);
			name = teaPackageTests;
			productName = teaPackageTests;
		};
/* End PBXAggregateTarget section */

/* Begin PBXBuildFile section */
		A0DC3AB5271B7CA600FC610F /* TextTypeTests.swift in Sources */ = {isa = PBXBuildFile; fileRef = A0DC3AB4271B7CA600FC610F /* TextTypeTests.swift */; };
		OBJ_100 /* Deprecations+Removals.swift in Sources */ = {isa = PBXBuildFile; fileRef = OBJ_33 /* Deprecations+Removals.swift */; };
		OBJ_101 /* Disposable.swift in Sources */ = {isa = PBXBuildFile; fileRef = OBJ_34 /* Disposable.swift */; };
		OBJ_102 /* Event.swift in Sources */ = {isa = PBXBuildFile; fileRef = OBJ_35 /* Event.swift */; };
		OBJ_103 /* EventLogger.swift in Sources */ = {isa = PBXBuildFile; fileRef = OBJ_36 /* EventLogger.swift */; };
		OBJ_104 /* Flatten.swift in Sources */ = {isa = PBXBuildFile; fileRef = OBJ_37 /* Flatten.swift */; };
		OBJ_105 /* FoundationExtensions.swift in Sources */ = {isa = PBXBuildFile; fileRef = OBJ_38 /* FoundationExtensions.swift */; };
		OBJ_106 /* Lifetime.swift in Sources */ = {isa = PBXBuildFile; fileRef = OBJ_39 /* Lifetime.swift */; };
		OBJ_107 /* AttemptMap.swift in Sources */ = {isa = PBXBuildFile; fileRef = OBJ_41 /* AttemptMap.swift */; };
		OBJ_108 /* Collect.swift in Sources */ = {isa = PBXBuildFile; fileRef = OBJ_42 /* Collect.swift */; };
		OBJ_109 /* CombinePrevious.swift in Sources */ = {isa = PBXBuildFile; fileRef = OBJ_43 /* CombinePrevious.swift */; };
		OBJ_110 /* CompactMap.swift in Sources */ = {isa = PBXBuildFile; fileRef = OBJ_44 /* CompactMap.swift */; };
		OBJ_111 /* Dematerialize.swift in Sources */ = {isa = PBXBuildFile; fileRef = OBJ_45 /* Dematerialize.swift */; };
		OBJ_112 /* DematerializeResults.swift in Sources */ = {isa = PBXBuildFile; fileRef = OBJ_46 /* DematerializeResults.swift */; };
		OBJ_113 /* Filter.swift in Sources */ = {isa = PBXBuildFile; fileRef = OBJ_47 /* Filter.swift */; };
		OBJ_114 /* Map.swift in Sources */ = {isa = PBXBuildFile; fileRef = OBJ_48 /* Map.swift */; };
		OBJ_115 /* MapError.swift in Sources */ = {isa = PBXBuildFile; fileRef = OBJ_49 /* MapError.swift */; };
		OBJ_116 /* Materialize.swift in Sources */ = {isa = PBXBuildFile; fileRef = OBJ_50 /* Materialize.swift */; };
		OBJ_117 /* MaterializeAsResult.swift in Sources */ = {isa = PBXBuildFile; fileRef = OBJ_51 /* MaterializeAsResult.swift */; };
		OBJ_118 /* Observer.swift in Sources */ = {isa = PBXBuildFile; fileRef = OBJ_52 /* Observer.swift */; };
		OBJ_119 /* Operators.swift in Sources */ = {isa = PBXBuildFile; fileRef = OBJ_53 /* Operators.swift */; };
		OBJ_120 /* Reduce.swift in Sources */ = {isa = PBXBuildFile; fileRef = OBJ_54 /* Reduce.swift */; };
		OBJ_121 /* ScanMap.swift in Sources */ = {isa = PBXBuildFile; fileRef = OBJ_55 /* ScanMap.swift */; };
		OBJ_122 /* SkipFirst.swift in Sources */ = {isa = PBXBuildFile; fileRef = OBJ_56 /* SkipFirst.swift */; };
		OBJ_123 /* SkipRepeats.swift in Sources */ = {isa = PBXBuildFile; fileRef = OBJ_57 /* SkipRepeats.swift */; };
		OBJ_124 /* SkipWhile.swift in Sources */ = {isa = PBXBuildFile; fileRef = OBJ_58 /* SkipWhile.swift */; };
		OBJ_125 /* TakeFirst.swift in Sources */ = {isa = PBXBuildFile; fileRef = OBJ_59 /* TakeFirst.swift */; };
		OBJ_126 /* TakeLast.swift in Sources */ = {isa = PBXBuildFile; fileRef = OBJ_60 /* TakeLast.swift */; };
		OBJ_127 /* TakeWhile.swift in Sources */ = {isa = PBXBuildFile; fileRef = OBJ_61 /* TakeWhile.swift */; };
		OBJ_128 /* UniqueValues.swift in Sources */ = {isa = PBXBuildFile; fileRef = OBJ_62 /* UniqueValues.swift */; };
		OBJ_129 /* Optional.swift in Sources */ = {isa = PBXBuildFile; fileRef = OBJ_63 /* Optional.swift */; };
		OBJ_130 /* Property.swift in Sources */ = {isa = PBXBuildFile; fileRef = OBJ_64 /* Property.swift */; };
		OBJ_131 /* Reactive.swift in Sources */ = {isa = PBXBuildFile; fileRef = OBJ_65 /* Reactive.swift */; };
		OBJ_132 /* ResultExtensions.swift in Sources */ = {isa = PBXBuildFile; fileRef = OBJ_66 /* ResultExtensions.swift */; };
		OBJ_133 /* Scheduler.swift in Sources */ = {isa = PBXBuildFile; fileRef = OBJ_67 /* Scheduler.swift */; };
		OBJ_134 /* Signal.Observer.swift in Sources */ = {isa = PBXBuildFile; fileRef = OBJ_68 /* Signal.Observer.swift */; };
		OBJ_135 /* Signal.swift in Sources */ = {isa = PBXBuildFile; fileRef = OBJ_69 /* Signal.swift */; };
		OBJ_136 /* SignalProducer.swift in Sources */ = {isa = PBXBuildFile; fileRef = OBJ_70 /* SignalProducer.swift */; };
		OBJ_137 /* UnidirectionalBinding.swift in Sources */ = {isa = PBXBuildFile; fileRef = OBJ_71 /* UnidirectionalBinding.swift */; };
		OBJ_138 /* UninhabitedTypeGuards.swift in Sources */ = {isa = PBXBuildFile; fileRef = OBJ_72 /* UninhabitedTypeGuards.swift */; };
		OBJ_139 /* ValidatingProperty.swift in Sources */ = {isa = PBXBuildFile; fileRef = OBJ_73 /* ValidatingProperty.swift */; };
		OBJ_146 /* Package.swift in Sources */ = {isa = PBXBuildFile; fileRef = OBJ_29 /* Package.swift */; };
		OBJ_152 /* Cursor.swift in Sources */ = {isa = PBXBuildFile; fileRef = OBJ_76 /* Cursor.swift */; };
		OBJ_153 /* Event.swift in Sources */ = {isa = PBXBuildFile; fileRef = OBJ_77 /* Event.swift */; };
		OBJ_154 /* Formatting.swift in Sources */ = {isa = PBXBuildFile; fileRef = OBJ_78 /* Formatting.swift */; };
		OBJ_155 /* Keys.swift in Sources */ = {isa = PBXBuildFile; fileRef = OBJ_79 /* Keys.swift */; };
		OBJ_156 /* Measure.swift in Sources */ = {isa = PBXBuildFile; fileRef = OBJ_80 /* Measure.swift */; };
		OBJ_157 /* Screen.swift in Sources */ = {isa = PBXBuildFile; fileRef = OBJ_81 /* Screen.swift */; };
		OBJ_158 /* Term.swift in Sources */ = {isa = PBXBuildFile; fileRef = OBJ_82 /* Term.swift */; };
		OBJ_159 /* Terminal.swift in Sources */ = {isa = PBXBuildFile; fileRef = OBJ_83 /* Terminal.swift */; };
		OBJ_160 /* TerminalError.swift in Sources */ = {isa = PBXBuildFile; fileRef = OBJ_84 /* TerminalError.swift */; };
		OBJ_167 /* Package.swift in Sources */ = {isa = PBXBuildFile; fileRef = OBJ_85 /* Package.swift */; };
		OBJ_173 /* App.swift in Sources */ = {isa = PBXBuildFile; fileRef = OBJ_9 /* App.swift */; };
		OBJ_174 /* Command.swift in Sources */ = {isa = PBXBuildFile; fileRef = OBJ_10 /* Command.swift */; };
		OBJ_175 /* KeyEvent.swift in Sources */ = {isa = PBXBuildFile; fileRef = OBJ_11 /* KeyEvent.swift */; };
		OBJ_176 /* Line.swift in Sources */ = {isa = PBXBuildFile; fileRef = OBJ_12 /* Line.swift */; };
		OBJ_177 /* Matrix.swift in Sources */ = {isa = PBXBuildFile; fileRef = OBJ_13 /* Matrix.swift */; };
		OBJ_178 /* Process.swift in Sources */ = {isa = PBXBuildFile; fileRef = OBJ_14 /* Process.swift */; };
		OBJ_179 /* Rect.swift in Sources */ = {isa = PBXBuildFile; fileRef = OBJ_15 /* Rect.swift */; };
		OBJ_180 /* StringExtensions.swift in Sources */ = {isa = PBXBuildFile; fileRef = OBJ_16 /* StringExtensions.swift */; };
		OBJ_181 /* Task.swift in Sources */ = {isa = PBXBuildFile; fileRef = OBJ_17 /* Task.swift */; };
		OBJ_182 /* Text.swift in Sources */ = {isa = PBXBuildFile; fileRef = OBJ_18 /* Text.swift */; };
		OBJ_183 /* ViewModel.swift in Sources */ = {isa = PBXBuildFile; fileRef = OBJ_19 /* ViewModel.swift */; };
		OBJ_185 /* TermSwift.framework in Frameworks */ = {isa = PBXBuildFile; fileRef = "TermSwift::TermSwift::Product" /* TermSwift.framework */; };
		OBJ_186 /* ReactiveSwift.framework in Frameworks */ = {isa = PBXBuildFile; fileRef = "ReactiveSwift::ReactiveSwift::Product" /* ReactiveSwift.framework */; };
		OBJ_194 /* Package.swift in Sources */ = {isa = PBXBuildFile; fileRef = OBJ_6 /* Package.swift */; };
		OBJ_208 /* TaskTests.swift in Sources */ = {isa = PBXBuildFile; fileRef = OBJ_25 /* TaskTests.swift */; };
		OBJ_209 /* XCTestManifests.swift in Sources */ = {isa = PBXBuildFile; fileRef = OBJ_26 /* XCTestManifests.swift */; };
		OBJ_211 /* tea.framework in Frameworks */ = {isa = PBXBuildFile; fileRef = "tea::tea::Product" /* tea.framework */; };
		OBJ_212 /* TermSwift.framework in Frameworks */ = {isa = PBXBuildFile; fileRef = "TermSwift::TermSwift::Product" /* TermSwift.framework */; };
		OBJ_213 /* ReactiveSwift.framework in Frameworks */ = {isa = PBXBuildFile; fileRef = "ReactiveSwift::ReactiveSwift::Product" /* ReactiveSwift.framework */; };
		OBJ_97 /* Action.swift in Sources */ = {isa = PBXBuildFile; fileRef = OBJ_30 /* Action.swift */; };
		OBJ_98 /* Atomic.swift in Sources */ = {isa = PBXBuildFile; fileRef = OBJ_31 /* Atomic.swift */; };
		OBJ_99 /* Bag.swift in Sources */ = {isa = PBXBuildFile; fileRef = OBJ_32 /* Bag.swift */; };
/* End PBXBuildFile section */

/* Begin PBXContainerItemProxy section */
		A0DC3AAD271B54F500FC610F /* PBXContainerItemProxy */ = {
			isa = PBXContainerItemProxy;
			containerPortal = OBJ_1 /* Project object */;
			proxyType = 1;
			remoteGlobalIDString = "TermSwift::TermSwift";
			remoteInfo = TermSwift;
		};
		A0DC3AAE271B54F500FC610F /* PBXContainerItemProxy */ = {
			isa = PBXContainerItemProxy;
			containerPortal = OBJ_1 /* Project object */;
			proxyType = 1;
			remoteGlobalIDString = "ReactiveSwift::ReactiveSwift";
			remoteInfo = ReactiveSwift;
		};
		A0DC3AAF271B54FE00FC610F /* PBXContainerItemProxy */ = {
			isa = PBXContainerItemProxy;
			containerPortal = OBJ_1 /* Project object */;
			proxyType = 1;
			remoteGlobalIDString = "tea::tea";
			remoteInfo = tea;
		};
		A0DC3AB0271B54FE00FC610F /* PBXContainerItemProxy */ = {
			isa = PBXContainerItemProxy;
			containerPortal = OBJ_1 /* Project object */;
			proxyType = 1;
			remoteGlobalIDString = "TermSwift::TermSwift";
			remoteInfo = TermSwift;
		};
		A0DC3AB1271B54FE00FC610F /* PBXContainerItemProxy */ = {
			isa = PBXContainerItemProxy;
			containerPortal = OBJ_1 /* Project object */;
			proxyType = 1;
			remoteGlobalIDString = "ReactiveSwift::ReactiveSwift";
			remoteInfo = ReactiveSwift;
		};
		A0DC3AB2271B550500FC610F /* PBXContainerItemProxy */ = {
			isa = PBXContainerItemProxy;
			containerPortal = OBJ_1 /* Project object */;
			proxyType = 1;
			remoteGlobalIDString = "tea::teaTests";
			remoteInfo = teaTests;
		};
/* End PBXContainerItemProxy section */

/* Begin PBXFileReference section */
		A0DC3AB4271B7CA600FC610F /* TextTypeTests.swift */ = {isa = PBXFileReference; lastKnownFileType = sourcecode.swift; path = TextTypeTests.swift; sourceTree = "<group>"; };
		OBJ_10 /* Command.swift */ = {isa = PBXFileReference; lastKnownFileType = sourcecode.swift; path = Command.swift; sourceTree = "<group>"; };
		OBJ_11 /* KeyEvent.swift */ = {isa = PBXFileReference; lastKnownFileType = sourcecode.swift; path = KeyEvent.swift; sourceTree = "<group>"; };
		OBJ_12 /* Line.swift */ = {isa = PBXFileReference; lastKnownFileType = sourcecode.swift; path = Line.swift; sourceTree = "<group>"; };
		OBJ_13 /* Matrix.swift */ = {isa = PBXFileReference; lastKnownFileType = sourcecode.swift; path = Matrix.swift; sourceTree = "<group>"; };
		OBJ_14 /* Process.swift */ = {isa = PBXFileReference; lastKnownFileType = sourcecode.swift; path = Process.swift; sourceTree = "<group>"; };
		OBJ_15 /* Rect.swift */ = {isa = PBXFileReference; lastKnownFileType = sourcecode.swift; path = Rect.swift; sourceTree = "<group>"; };
		OBJ_16 /* StringExtensions.swift */ = {isa = PBXFileReference; lastKnownFileType = sourcecode.swift; path = StringExtensions.swift; sourceTree = "<group>"; };
		OBJ_17 /* Task.swift */ = {isa = PBXFileReference; lastKnownFileType = sourcecode.swift; path = Task.swift; sourceTree = "<group>"; };
		OBJ_18 /* Text.swift */ = {isa = PBXFileReference; lastKnownFileType = sourcecode.swift; path = Text.swift; sourceTree = "<group>"; };
		OBJ_19 /* ViewModel.swift */ = {isa = PBXFileReference; lastKnownFileType = sourcecode.swift; path = ViewModel.swift; sourceTree = "<group>"; };
		OBJ_25 /* TaskTests.swift */ = {isa = PBXFileReference; lastKnownFileType = sourcecode.swift; path = TaskTests.swift; sourceTree = "<group>"; };
		OBJ_26 /* XCTestManifests.swift */ = {isa = PBXFileReference; lastKnownFileType = sourcecode.swift; path = XCTestManifests.swift; sourceTree = "<group>"; };
		OBJ_29 /* Package.swift */ = {isa = PBXFileReference; explicitFileType = sourcecode.swift; name = Package.swift; path = "/Users/bendik/dev/github/goose-swift/libraries/tea/.build/checkouts/ReactiveSwift/Package.swift"; sourceTree = "<group>"; };
		OBJ_30 /* Action.swift */ = {isa = PBXFileReference; lastKnownFileType = sourcecode.swift; path = Action.swift; sourceTree = "<group>"; };
		OBJ_31 /* Atomic.swift */ = {isa = PBXFileReference; lastKnownFileType = sourcecode.swift; path = Atomic.swift; sourceTree = "<group>"; };
		OBJ_32 /* Bag.swift */ = {isa = PBXFileReference; lastKnownFileType = sourcecode.swift; path = Bag.swift; sourceTree = "<group>"; };
		OBJ_33 /* Deprecations+Removals.swift */ = {isa = PBXFileReference; lastKnownFileType = sourcecode.swift; path = "Deprecations+Removals.swift"; sourceTree = "<group>"; };
		OBJ_34 /* Disposable.swift */ = {isa = PBXFileReference; lastKnownFileType = sourcecode.swift; path = Disposable.swift; sourceTree = "<group>"; };
		OBJ_35 /* Event.swift */ = {isa = PBXFileReference; lastKnownFileType = sourcecode.swift; path = Event.swift; sourceTree = "<group>"; };
		OBJ_36 /* EventLogger.swift */ = {isa = PBXFileReference; lastKnownFileType = sourcecode.swift; path = EventLogger.swift; sourceTree = "<group>"; };
		OBJ_37 /* Flatten.swift */ = {isa = PBXFileReference; lastKnownFileType = sourcecode.swift; path = Flatten.swift; sourceTree = "<group>"; };
		OBJ_38 /* FoundationExtensions.swift */ = {isa = PBXFileReference; lastKnownFileType = sourcecode.swift; path = FoundationExtensions.swift; sourceTree = "<group>"; };
		OBJ_39 /* Lifetime.swift */ = {isa = PBXFileReference; lastKnownFileType = sourcecode.swift; path = Lifetime.swift; sourceTree = "<group>"; };
		OBJ_41 /* AttemptMap.swift */ = {isa = PBXFileReference; lastKnownFileType = sourcecode.swift; path = AttemptMap.swift; sourceTree = "<group>"; };
		OBJ_42 /* Collect.swift */ = {isa = PBXFileReference; lastKnownFileType = sourcecode.swift; path = Collect.swift; sourceTree = "<group>"; };
		OBJ_43 /* CombinePrevious.swift */ = {isa = PBXFileReference; lastKnownFileType = sourcecode.swift; path = CombinePrevious.swift; sourceTree = "<group>"; };
		OBJ_44 /* CompactMap.swift */ = {isa = PBXFileReference; lastKnownFileType = sourcecode.swift; path = CompactMap.swift; sourceTree = "<group>"; };
		OBJ_45 /* Dematerialize.swift */ = {isa = PBXFileReference; lastKnownFileType = sourcecode.swift; path = Dematerialize.swift; sourceTree = "<group>"; };
		OBJ_46 /* DematerializeResults.swift */ = {isa = PBXFileReference; lastKnownFileType = sourcecode.swift; path = DematerializeResults.swift; sourceTree = "<group>"; };
		OBJ_47 /* Filter.swift */ = {isa = PBXFileReference; lastKnownFileType = sourcecode.swift; path = Filter.swift; sourceTree = "<group>"; };
		OBJ_48 /* Map.swift */ = {isa = PBXFileReference; lastKnownFileType = sourcecode.swift; path = Map.swift; sourceTree = "<group>"; };
		OBJ_49 /* MapError.swift */ = {isa = PBXFileReference; lastKnownFileType = sourcecode.swift; path = MapError.swift; sourceTree = "<group>"; };
		OBJ_50 /* Materialize.swift */ = {isa = PBXFileReference; lastKnownFileType = sourcecode.swift; path = Materialize.swift; sourceTree = "<group>"; };
		OBJ_51 /* MaterializeAsResult.swift */ = {isa = PBXFileReference; lastKnownFileType = sourcecode.swift; path = MaterializeAsResult.swift; sourceTree = "<group>"; };
		OBJ_52 /* Observer.swift */ = {isa = PBXFileReference; lastKnownFileType = sourcecode.swift; path = Observer.swift; sourceTree = "<group>"; };
		OBJ_53 /* Operators.swift */ = {isa = PBXFileReference; lastKnownFileType = sourcecode.swift; path = Operators.swift; sourceTree = "<group>"; };
		OBJ_54 /* Reduce.swift */ = {isa = PBXFileReference; lastKnownFileType = sourcecode.swift; path = Reduce.swift; sourceTree = "<group>"; };
		OBJ_55 /* ScanMap.swift */ = {isa = PBXFileReference; lastKnownFileType = sourcecode.swift; path = ScanMap.swift; sourceTree = "<group>"; };
		OBJ_56 /* SkipFirst.swift */ = {isa = PBXFileReference; lastKnownFileType = sourcecode.swift; path = SkipFirst.swift; sourceTree = "<group>"; };
		OBJ_57 /* SkipRepeats.swift */ = {isa = PBXFileReference; lastKnownFileType = sourcecode.swift; path = SkipRepeats.swift; sourceTree = "<group>"; };
		OBJ_58 /* SkipWhile.swift */ = {isa = PBXFileReference; lastKnownFileType = sourcecode.swift; path = SkipWhile.swift; sourceTree = "<group>"; };
		OBJ_59 /* TakeFirst.swift */ = {isa = PBXFileReference; lastKnownFileType = sourcecode.swift; path = TakeFirst.swift; sourceTree = "<group>"; };
		OBJ_6 /* Package.swift */ = {isa = PBXFileReference; explicitFileType = sourcecode.swift; path = Package.swift; sourceTree = "<group>"; };
		OBJ_60 /* TakeLast.swift */ = {isa = PBXFileReference; lastKnownFileType = sourcecode.swift; path = TakeLast.swift; sourceTree = "<group>"; };
		OBJ_61 /* TakeWhile.swift */ = {isa = PBXFileReference; lastKnownFileType = sourcecode.swift; path = TakeWhile.swift; sourceTree = "<group>"; };
		OBJ_62 /* UniqueValues.swift */ = {isa = PBXFileReference; lastKnownFileType = sourcecode.swift; path = UniqueValues.swift; sourceTree = "<group>"; };
		OBJ_63 /* Optional.swift */ = {isa = PBXFileReference; lastKnownFileType = sourcecode.swift; path = Optional.swift; sourceTree = "<group>"; };
		OBJ_64 /* Property.swift */ = {isa = PBXFileReference; lastKnownFileType = sourcecode.swift; path = Property.swift; sourceTree = "<group>"; };
		OBJ_65 /* Reactive.swift */ = {isa = PBXFileReference; lastKnownFileType = sourcecode.swift; path = Reactive.swift; sourceTree = "<group>"; };
		OBJ_66 /* ResultExtensions.swift */ = {isa = PBXFileReference; lastKnownFileType = sourcecode.swift; path = ResultExtensions.swift; sourceTree = "<group>"; };
		OBJ_67 /* Scheduler.swift */ = {isa = PBXFileReference; lastKnownFileType = sourcecode.swift; path = Scheduler.swift; sourceTree = "<group>"; };
		OBJ_68 /* Signal.Observer.swift */ = {isa = PBXFileReference; lastKnownFileType = sourcecode.swift; path = Signal.Observer.swift; sourceTree = "<group>"; };
		OBJ_69 /* Signal.swift */ = {isa = PBXFileReference; lastKnownFileType = sourcecode.swift; path = Signal.swift; sourceTree = "<group>"; };
		OBJ_70 /* SignalProducer.swift */ = {isa = PBXFileReference; lastKnownFileType = sourcecode.swift; path = SignalProducer.swift; sourceTree = "<group>"; };
		OBJ_71 /* UnidirectionalBinding.swift */ = {isa = PBXFileReference; lastKnownFileType = sourcecode.swift; path = UnidirectionalBinding.swift; sourceTree = "<group>"; };
		OBJ_72 /* UninhabitedTypeGuards.swift */ = {isa = PBXFileReference; lastKnownFileType = sourcecode.swift; path = UninhabitedTypeGuards.swift; sourceTree = "<group>"; };
		OBJ_73 /* ValidatingProperty.swift */ = {isa = PBXFileReference; lastKnownFileType = sourcecode.swift; path = ValidatingProperty.swift; sourceTree = "<group>"; };
		OBJ_76 /* Cursor.swift */ = {isa = PBXFileReference; lastKnownFileType = sourcecode.swift; path = Cursor.swift; sourceTree = "<group>"; };
		OBJ_77 /* Event.swift */ = {isa = PBXFileReference; lastKnownFileType = sourcecode.swift; path = Event.swift; sourceTree = "<group>"; };
		OBJ_78 /* Formatting.swift */ = {isa = PBXFileReference; lastKnownFileType = sourcecode.swift; path = Formatting.swift; sourceTree = "<group>"; };
		OBJ_79 /* Keys.swift */ = {isa = PBXFileReference; lastKnownFileType = sourcecode.swift; path = Keys.swift; sourceTree = "<group>"; };
		OBJ_80 /* Measure.swift */ = {isa = PBXFileReference; lastKnownFileType = sourcecode.swift; path = Measure.swift; sourceTree = "<group>"; };
		OBJ_81 /* Screen.swift */ = {isa = PBXFileReference; lastKnownFileType = sourcecode.swift; path = Screen.swift; sourceTree = "<group>"; };
		OBJ_82 /* Term.swift */ = {isa = PBXFileReference; lastKnownFileType = sourcecode.swift; path = Term.swift; sourceTree = "<group>"; };
		OBJ_83 /* Terminal.swift */ = {isa = PBXFileReference; lastKnownFileType = sourcecode.swift; path = Terminal.swift; sourceTree = "<group>"; };
		OBJ_84 /* TerminalError.swift */ = {isa = PBXFileReference; lastKnownFileType = sourcecode.swift; path = TerminalError.swift; sourceTree = "<group>"; };
		OBJ_85 /* Package.swift */ = {isa = PBXFileReference; explicitFileType = sourcecode.swift; name = Package.swift; path = "/Users/bendik/dev/github/goose-swift/libraries/tea/.build/checkouts/TermSwift/Package.swift"; sourceTree = "<group>"; };
		OBJ_9 /* App.swift */ = {isa = PBXFileReference; lastKnownFileType = sourcecode.swift; path = App.swift; sourceTree = "<group>"; };
		OBJ_91 /* README.md */ = {isa = PBXFileReference; lastKnownFileType = net.daringfireball.markdown; path = README.md; sourceTree = "<group>"; };
		"ReactiveSwift::ReactiveSwift::Product" /* ReactiveSwift.framework */ = {isa = PBXFileReference; lastKnownFileType = wrapper.framework; path = ReactiveSwift.framework; sourceTree = BUILT_PRODUCTS_DIR; };
		"TermSwift::TermSwift::Product" /* TermSwift.framework */ = {isa = PBXFileReference; lastKnownFileType = wrapper.framework; path = TermSwift.framework; sourceTree = BUILT_PRODUCTS_DIR; };
		"tea::tea::Product" /* tea.framework */ = {isa = PBXFileReference; lastKnownFileType = wrapper.framework; path = tea.framework; sourceTree = BUILT_PRODUCTS_DIR; };
		"tea::teaTests::Product" /* teaTests.xctest */ = {isa = PBXFileReference; lastKnownFileType = file; path = teaTests.xctest; sourceTree = BUILT_PRODUCTS_DIR; };
/* End PBXFileReference section */

/* Begin PBXFrameworksBuildPhase section */
		OBJ_140 /* Frameworks */ = {
			isa = PBXFrameworksBuildPhase;
			buildActionMask = 0;
			files = (
			);
			runOnlyForDeploymentPostprocessing = 0;
		};
		OBJ_161 /* Frameworks */ = {
			isa = PBXFrameworksBuildPhase;
			buildActionMask = 0;
			files = (
			);
			runOnlyForDeploymentPostprocessing = 0;
		};
		OBJ_184 /* Frameworks */ = {
			isa = PBXFrameworksBuildPhase;
			buildActionMask = 0;
			files = (
				OBJ_185 /* TermSwift.framework in Frameworks */,
				OBJ_186 /* ReactiveSwift.framework in Frameworks */,
			);
			runOnlyForDeploymentPostprocessing = 0;
		};
		OBJ_210 /* Frameworks */ = {
			isa = PBXFrameworksBuildPhase;
			buildActionMask = 0;
			files = (
				OBJ_211 /* tea.framework in Frameworks */,
				OBJ_212 /* TermSwift.framework in Frameworks */,
				OBJ_213 /* ReactiveSwift.framework in Frameworks */,
			);
			runOnlyForDeploymentPostprocessing = 0;
		};
/* End PBXFrameworksBuildPhase section */

/* Begin PBXGroup section */
		OBJ_20 /* Tests */ = {
			isa = PBXGroup;
			children = (
				OBJ_21 /* teaTests */,
			);
			name = Tests;
			sourceTree = SOURCE_ROOT;
		};
		OBJ_21 /* teaTests */ = {
			isa = PBXGroup;
			children = (
				OBJ_25 /* TaskTests.swift */,
				A0DC3AB4271B7CA600FC610F /* TextTypeTests.swift */,
				OBJ_26 /* XCTestManifests.swift */,
			);
			name = teaTests;
			path = Tests/teaTests;
			sourceTree = SOURCE_ROOT;
		};
		OBJ_27 /* Dependencies */ = {
			isa = PBXGroup;
			children = (
				OBJ_28 /* ReactiveSwift 6.6.0 */,
				OBJ_74 /* TermSwift */,
			);
			name = Dependencies;
			sourceTree = "<group>";
		};
		OBJ_28 /* ReactiveSwift 6.6.0 */ = {
			isa = PBXGroup;
			children = (
				OBJ_29 /* Package.swift */,
				OBJ_30 /* Action.swift */,
				OBJ_31 /* Atomic.swift */,
				OBJ_32 /* Bag.swift */,
				OBJ_33 /* Deprecations+Removals.swift */,
				OBJ_34 /* Disposable.swift */,
				OBJ_35 /* Event.swift */,
				OBJ_36 /* EventLogger.swift */,
				OBJ_37 /* Flatten.swift */,
				OBJ_38 /* FoundationExtensions.swift */,
				OBJ_39 /* Lifetime.swift */,
				OBJ_40 /* Observers */,
				OBJ_63 /* Optional.swift */,
				OBJ_64 /* Property.swift */,
				OBJ_65 /* Reactive.swift */,
				OBJ_66 /* ResultExtensions.swift */,
				OBJ_67 /* Scheduler.swift */,
				OBJ_68 /* Signal.Observer.swift */,
				OBJ_69 /* Signal.swift */,
				OBJ_70 /* SignalProducer.swift */,
				OBJ_71 /* UnidirectionalBinding.swift */,
				OBJ_72 /* UninhabitedTypeGuards.swift */,
				OBJ_73 /* ValidatingProperty.swift */,
			);
			name = "ReactiveSwift 6.6.0";
			path = .build/checkouts/ReactiveSwift/Sources;
			sourceTree = SOURCE_ROOT;
		};
		OBJ_40 /* Observers */ = {
			isa = PBXGroup;
			children = (
				OBJ_41 /* AttemptMap.swift */,
				OBJ_42 /* Collect.swift */,
				OBJ_43 /* CombinePrevious.swift */,
				OBJ_44 /* CompactMap.swift */,
				OBJ_45 /* Dematerialize.swift */,
				OBJ_46 /* DematerializeResults.swift */,
				OBJ_47 /* Filter.swift */,
				OBJ_48 /* Map.swift */,
				OBJ_49 /* MapError.swift */,
				OBJ_50 /* Materialize.swift */,
				OBJ_51 /* MaterializeAsResult.swift */,
				OBJ_52 /* Observer.swift */,
				OBJ_53 /* Operators.swift */,
				OBJ_54 /* Reduce.swift */,
				OBJ_55 /* ScanMap.swift */,
				OBJ_56 /* SkipFirst.swift */,
				OBJ_57 /* SkipRepeats.swift */,
				OBJ_58 /* SkipWhile.swift */,
				OBJ_59 /* TakeFirst.swift */,
				OBJ_60 /* TakeLast.swift */,
				OBJ_61 /* TakeWhile.swift */,
				OBJ_62 /* UniqueValues.swift */,
			);
			path = Observers;
			sourceTree = "<group>";
		};
		OBJ_5 /*  */ = {
			isa = PBXGroup;
			children = (
				OBJ_6 /* Package.swift */,
				OBJ_7 /* Sources */,
				OBJ_20 /* Tests */,
				OBJ_27 /* Dependencies */,
				OBJ_86 /* Products */,
				OBJ_91 /* README.md */,
			);
			name = "";
			sourceTree = "<group>";
		};
		OBJ_7 /* Sources */ = {
			isa = PBXGroup;
			children = (
				OBJ_8 /* tea */,
			);
			name = Sources;
			sourceTree = SOURCE_ROOT;
		};
		OBJ_74 /* TermSwift */ = {
			isa = PBXGroup;
			children = (
				OBJ_75 /* TermSwift */,
				OBJ_85 /* Package.swift */,
			);
			name = TermSwift;
			sourceTree = SOURCE_ROOT;
		};
		OBJ_75 /* TermSwift */ = {
			isa = PBXGroup;
			children = (
				OBJ_76 /* Cursor.swift */,
				OBJ_77 /* Event.swift */,
				OBJ_78 /* Formatting.swift */,
				OBJ_79 /* Keys.swift */,
				OBJ_80 /* Measure.swift */,
				OBJ_81 /* Screen.swift */,
				OBJ_82 /* Term.swift */,
				OBJ_83 /* Terminal.swift */,
				OBJ_84 /* TerminalError.swift */,
			);
			name = TermSwift;
			path = .build/checkouts/TermSwift/Sources/TermSwift;
			sourceTree = SOURCE_ROOT;
		};
		OBJ_8 /* tea */ = {
			isa = PBXGroup;
			children = (
				OBJ_9 /* App.swift */,
				OBJ_10 /* Command.swift */,
				OBJ_11 /* KeyEvent.swift */,
				OBJ_12 /* Line.swift */,
				OBJ_13 /* Matrix.swift */,
				OBJ_14 /* Process.swift */,
				OBJ_15 /* Rect.swift */,
				OBJ_16 /* StringExtensions.swift */,
				OBJ_17 /* Task.swift */,
				OBJ_18 /* Text.swift */,
				OBJ_19 /* ViewModel.swift */,
			);
			name = tea;
			path = Sources/tea;
			sourceTree = SOURCE_ROOT;
		};
		OBJ_86 /* Products */ = {
			isa = PBXGroup;
			children = (
				"TermSwift::TermSwift::Product" /* TermSwift.framework */,
				"tea::tea::Product" /* tea.framework */,
				"ReactiveSwift::ReactiveSwift::Product" /* ReactiveSwift.framework */,
				"tea::teaTests::Product" /* teaTests.xctest */,
			);
			name = Products;
			sourceTree = BUILT_PRODUCTS_DIR;
		};
/* End PBXGroup section */

/* Begin PBXNativeTarget section */
		"ReactiveSwift::ReactiveSwift" /* ReactiveSwift */ = {
			isa = PBXNativeTarget;
			buildConfigurationList = OBJ_93 /* Build configuration list for PBXNativeTarget "ReactiveSwift" */;
			buildPhases = (
				OBJ_96 /* Sources */,
				OBJ_140 /* Frameworks */,
			);
			buildRules = (
			);
			dependencies = (
			);
			name = ReactiveSwift;
			productName = ReactiveSwift;
			productReference = "ReactiveSwift::ReactiveSwift::Product" /* ReactiveSwift.framework */;
			productType = "com.apple.product-type.framework";
		};
		"ReactiveSwift::SwiftPMPackageDescription" /* ReactiveSwiftPackageDescription */ = {
			isa = PBXNativeTarget;
			buildConfigurationList = OBJ_142 /* Build configuration list for PBXNativeTarget "ReactiveSwiftPackageDescription" */;
			buildPhases = (
				OBJ_145 /* Sources */,
			);
			buildRules = (
			);
			dependencies = (
			);
			name = ReactiveSwiftPackageDescription;
			productName = ReactiveSwiftPackageDescription;
			productType = "com.apple.product-type.framework";
		};
		"TermSwift::SwiftPMPackageDescription" /* TermSwiftPackageDescription */ = {
			isa = PBXNativeTarget;
			buildConfigurationList = OBJ_163 /* Build configuration list for PBXNativeTarget "TermSwiftPackageDescription" */;
			buildPhases = (
				OBJ_166 /* Sources */,
			);
			buildRules = (
			);
			dependencies = (
			);
			name = TermSwiftPackageDescription;
			productName = TermSwiftPackageDescription;
			productType = "com.apple.product-type.framework";
		};
		"TermSwift::TermSwift" /* TermSwift */ = {
			isa = PBXNativeTarget;
			buildConfigurationList = OBJ_148 /* Build configuration list for PBXNativeTarget "TermSwift" */;
			buildPhases = (
				OBJ_151 /* Sources */,
				OBJ_161 /* Frameworks */,
			);
			buildRules = (
			);
			dependencies = (
			);
			name = TermSwift;
			productName = TermSwift;
			productReference = "TermSwift::TermSwift::Product" /* TermSwift.framework */;
			productType = "com.apple.product-type.framework";
		};
		"tea::SwiftPMPackageDescription" /* teaPackageDescription */ = {
			isa = PBXNativeTarget;
			buildConfigurationList = OBJ_190 /* Build configuration list for PBXNativeTarget "teaPackageDescription" */;
			buildPhases = (
				OBJ_193 /* Sources */,
			);
			buildRules = (
			);
			dependencies = (
			);
			name = teaPackageDescription;
			productName = teaPackageDescription;
			productType = "com.apple.product-type.framework";
		};
		"tea::tea" /* tea */ = {
			isa = PBXNativeTarget;
			buildConfigurationList = OBJ_169 /* Build configuration list for PBXNativeTarget "tea" */;
			buildPhases = (
				OBJ_172 /* Sources */,
				OBJ_184 /* Frameworks */,
			);
			buildRules = (
			);
			dependencies = (
				OBJ_187 /* PBXTargetDependency */,
				OBJ_188 /* PBXTargetDependency */,
			);
			name = tea;
			productName = tea;
			productReference = "tea::tea::Product" /* tea.framework */;
			productType = "com.apple.product-type.framework";
		};
		"tea::teaTests" /* teaTests */ = {
			isa = PBXNativeTarget;
			buildConfigurationList = OBJ_201 /* Build configuration list for PBXNativeTarget "teaTests" */;
			buildPhases = (
				OBJ_204 /* Sources */,
				OBJ_210 /* Frameworks */,
			);
			buildRules = (
			);
			dependencies = (
				OBJ_214 /* PBXTargetDependency */,
				OBJ_215 /* PBXTargetDependency */,
				OBJ_216 /* PBXTargetDependency */,
			);
			name = teaTests;
			productName = teaTests;
			productReference = "tea::teaTests::Product" /* teaTests.xctest */;
			productType = "com.apple.product-type.bundle.unit-test";
		};
/* End PBXNativeTarget section */

/* Begin PBXProject section */
		OBJ_1 /* Project object */ = {
			isa = PBXProject;
			attributes = {
				LastSwiftMigration = 9999;
				LastUpgradeCheck = 9999;
			};
			buildConfigurationList = OBJ_2 /* Build configuration list for PBXProject "tea" */;
			compatibilityVersion = "Xcode 3.2";
			developmentRegion = en;
			hasScannedForEncodings = 0;
			knownRegions = (
				en,
			);
			mainGroup = OBJ_5 /*  */;
			productRefGroup = OBJ_86 /* Products */;
			projectDirPath = "";
			projectRoot = "";
			targets = (
				"ReactiveSwift::ReactiveSwift" /* ReactiveSwift */,
				"ReactiveSwift::SwiftPMPackageDescription" /* ReactiveSwiftPackageDescription */,
				"TermSwift::TermSwift" /* TermSwift */,
				"TermSwift::SwiftPMPackageDescription" /* TermSwiftPackageDescription */,
				"tea::tea" /* tea */,
				"tea::SwiftPMPackageDescription" /* teaPackageDescription */,
				"tea::teaPackageTests::ProductTarget" /* teaPackageTests */,
				"tea::teaTests" /* teaTests */,
			);
		};
/* End PBXProject section */

/* Begin PBXSourcesBuildPhase section */
		OBJ_145 /* Sources */ = {
			isa = PBXSourcesBuildPhase;
			buildActionMask = 0;
			files = (
				OBJ_146 /* Package.swift in Sources */,
			);
			runOnlyForDeploymentPostprocessing = 0;
		};
		OBJ_151 /* Sources */ = {
			isa = PBXSourcesBuildPhase;
			buildActionMask = 0;
			files = (
				OBJ_152 /* Cursor.swift in Sources */,
				OBJ_153 /* Event.swift in Sources */,
				OBJ_154 /* Formatting.swift in Sources */,
				OBJ_155 /* Keys.swift in Sources */,
				OBJ_156 /* Measure.swift in Sources */,
				OBJ_157 /* Screen.swift in Sources */,
				OBJ_158 /* Term.swift in Sources */,
				OBJ_159 /* Terminal.swift in Sources */,
				OBJ_160 /* TerminalError.swift in Sources */,
			);
			runOnlyForDeploymentPostprocessing = 0;
		};
		OBJ_166 /* Sources */ = {
			isa = PBXSourcesBuildPhase;
			buildActionMask = 0;
			files = (
				OBJ_167 /* Package.swift in Sources */,
			);
			runOnlyForDeploymentPostprocessing = 0;
		};
		OBJ_172 /* Sources */ = {
			isa = PBXSourcesBuildPhase;
			buildActionMask = 0;
			files = (
				OBJ_173 /* App.swift in Sources */,
				OBJ_174 /* Command.swift in Sources */,
				OBJ_175 /* KeyEvent.swift in Sources */,
				OBJ_176 /* Line.swift in Sources */,
				OBJ_177 /* Matrix.swift in Sources */,
				OBJ_178 /* Process.swift in Sources */,
				OBJ_179 /* Rect.swift in Sources */,
				OBJ_180 /* StringExtensions.swift in Sources */,
				OBJ_181 /* Task.swift in Sources */,
				OBJ_182 /* Text.swift in Sources */,
				OBJ_183 /* ViewModel.swift in Sources */,
			);
			runOnlyForDeploymentPostprocessing = 0;
		};
		OBJ_193 /* Sources */ = {
			isa = PBXSourcesBuildPhase;
			buildActionMask = 0;
			files = (
				OBJ_194 /* Package.swift in Sources */,
			);
			runOnlyForDeploymentPostprocessing = 0;
		};
		OBJ_204 /* Sources */ = {
			isa = PBXSourcesBuildPhase;
			buildActionMask = 0;
			files = (
				OBJ_208 /* TaskTests.swift in Sources */,
				OBJ_209 /* XCTestManifests.swift in Sources */,
				A0DC3AB5271B7CA600FC610F /* TextTypeTests.swift in Sources */,
			);
			runOnlyForDeploymentPostprocessing = 0;
		};
		OBJ_96 /* Sources */ = {
			isa = PBXSourcesBuildPhase;
			buildActionMask = 0;
			files = (
				OBJ_97 /* Action.swift in Sources */,
				OBJ_98 /* Atomic.swift in Sources */,
				OBJ_99 /* Bag.swift in Sources */,
				OBJ_100 /* Deprecations+Removals.swift in Sources */,
				OBJ_101 /* Disposable.swift in Sources */,
				OBJ_102 /* Event.swift in Sources */,
				OBJ_103 /* EventLogger.swift in Sources */,
				OBJ_104 /* Flatten.swift in Sources */,
				OBJ_105 /* FoundationExtensions.swift in Sources */,
				OBJ_106 /* Lifetime.swift in Sources */,
				OBJ_107 /* AttemptMap.swift in Sources */,
				OBJ_108 /* Collect.swift in Sources */,
				OBJ_109 /* CombinePrevious.swift in Sources */,
				OBJ_110 /* CompactMap.swift in Sources */,
				OBJ_111 /* Dematerialize.swift in Sources */,
				OBJ_112 /* DematerializeResults.swift in Sources */,
				OBJ_113 /* Filter.swift in Sources */,
				OBJ_114 /* Map.swift in Sources */,
				OBJ_115 /* MapError.swift in Sources */,
				OBJ_116 /* Materialize.swift in Sources */,
				OBJ_117 /* MaterializeAsResult.swift in Sources */,
				OBJ_118 /* Observer.swift in Sources */,
				OBJ_119 /* Operators.swift in Sources */,
				OBJ_120 /* Reduce.swift in Sources */,
				OBJ_121 /* ScanMap.swift in Sources */,
				OBJ_122 /* SkipFirst.swift in Sources */,
				OBJ_123 /* SkipRepeats.swift in Sources */,
				OBJ_124 /* SkipWhile.swift in Sources */,
				OBJ_125 /* TakeFirst.swift in Sources */,
				OBJ_126 /* TakeLast.swift in Sources */,
				OBJ_127 /* TakeWhile.swift in Sources */,
				OBJ_128 /* UniqueValues.swift in Sources */,
				OBJ_129 /* Optional.swift in Sources */,
				OBJ_130 /* Property.swift in Sources */,
				OBJ_131 /* Reactive.swift in Sources */,
				OBJ_132 /* ResultExtensions.swift in Sources */,
				OBJ_133 /* Scheduler.swift in Sources */,
				OBJ_134 /* Signal.Observer.swift in Sources */,
				OBJ_135 /* Signal.swift in Sources */,
				OBJ_136 /* SignalProducer.swift in Sources */,
				OBJ_137 /* UnidirectionalBinding.swift in Sources */,
				OBJ_138 /* UninhabitedTypeGuards.swift in Sources */,
				OBJ_139 /* ValidatingProperty.swift in Sources */,
			);
			runOnlyForDeploymentPostprocessing = 0;
		};
/* End PBXSourcesBuildPhase section */

/* Begin PBXTargetDependency section */
		OBJ_187 /* PBXTargetDependency */ = {
			isa = PBXTargetDependency;
			target = "TermSwift::TermSwift" /* TermSwift */;
			targetProxy = A0DC3AAD271B54F500FC610F /* PBXContainerItemProxy */;
		};
		OBJ_188 /* PBXTargetDependency */ = {
			isa = PBXTargetDependency;
			target = "ReactiveSwift::ReactiveSwift" /* ReactiveSwift */;
			targetProxy = A0DC3AAE271B54F500FC610F /* PBXContainerItemProxy */;
		};
		OBJ_199 /* PBXTargetDependency */ = {
			isa = PBXTargetDependency;
			target = "tea::teaTests" /* teaTests */;
			targetProxy = A0DC3AB2271B550500FC610F /* PBXContainerItemProxy */;
		};
		OBJ_214 /* PBXTargetDependency */ = {
			isa = PBXTargetDependency;
			target = "tea::tea" /* tea */;
			targetProxy = A0DC3AAF271B54FE00FC610F /* PBXContainerItemProxy */;
		};
		OBJ_215 /* PBXTargetDependency */ = {
			isa = PBXTargetDependency;
			target = "TermSwift::TermSwift" /* TermSwift */;
			targetProxy = A0DC3AB0271B54FE00FC610F /* PBXContainerItemProxy */;
		};
		OBJ_216 /* PBXTargetDependency */ = {
			isa = PBXTargetDependency;
			target = "ReactiveSwift::ReactiveSwift" /* ReactiveSwift */;
			targetProxy = A0DC3AB1271B54FE00FC610F /* PBXContainerItemProxy */;
		};
/* End PBXTargetDependency section */

/* Begin XCBuildConfiguration section */
		OBJ_143 /* Debug */ = {
			isa = XCBuildConfiguration;
			buildSettings = {
				LD = /usr/bin/true;
				OTHER_SWIFT_FLAGS = "-swift-version 5 -I $(TOOLCHAIN_DIR)/usr/lib/swift/pm/4_2 -sdk /Applications/Xcode.app/Contents/Developer/Platforms/MacOSX.platform/Developer/SDKs/MacOSX11.1.sdk -package-description-version 5.2.0";
				SWIFT_VERSION = 5.0;
			};
			name = Debug;
		};
		OBJ_144 /* Release */ = {
			isa = XCBuildConfiguration;
			buildSettings = {
				LD = /usr/bin/true;
				OTHER_SWIFT_FLAGS = "-swift-version 5 -I $(TOOLCHAIN_DIR)/usr/lib/swift/pm/4_2 -sdk /Applications/Xcode.app/Contents/Developer/Platforms/MacOSX.platform/Developer/SDKs/MacOSX11.1.sdk -package-description-version 5.2.0";
				SWIFT_VERSION = 5.0;
			};
			name = Release;
		};
		OBJ_149 /* Debug */ = {
			isa = XCBuildConfiguration;
			buildSettings = {
				ENABLE_TESTABILITY = YES;
				FRAMEWORK_SEARCH_PATHS = (
					"$(inherited)",
					"$(PLATFORM_DIR)/Developer/Library/Frameworks",
				);
				HEADER_SEARCH_PATHS = "$(inherited)";
				INFOPLIST_FILE = tea.xcodeproj/TermSwift_Info.plist;
				IPHONEOS_DEPLOYMENT_TARGET = 9.0;
				LD_RUNPATH_SEARCH_PATHS = "$(inherited) $(TOOLCHAIN_DIR)/usr/lib/swift/macosx";
				MACOSX_DEPLOYMENT_TARGET = 10.14;
				OTHER_CFLAGS = "$(inherited)";
				OTHER_LDFLAGS = "$(inherited)";
				OTHER_SWIFT_FLAGS = "$(inherited)";
				PRODUCT_BUNDLE_IDENTIFIER = TermSwift;
				PRODUCT_MODULE_NAME = "$(TARGET_NAME:c99extidentifier)";
				PRODUCT_NAME = "$(TARGET_NAME:c99extidentifier)";
				SKIP_INSTALL = YES;
				SWIFT_ACTIVE_COMPILATION_CONDITIONS = "$(inherited)";
				SWIFT_VERSION = 5.0;
				TARGET_NAME = TermSwift;
				TVOS_DEPLOYMENT_TARGET = 9.0;
				WATCHOS_DEPLOYMENT_TARGET = 2.0;
			};
			name = Debug;
		};
		OBJ_150 /* Release */ = {
			isa = XCBuildConfiguration;
			buildSettings = {
				ENABLE_TESTABILITY = YES;
				FRAMEWORK_SEARCH_PATHS = (
					"$(inherited)",
					"$(PLATFORM_DIR)/Developer/Library/Frameworks",
				);
				HEADER_SEARCH_PATHS = "$(inherited)";
				INFOPLIST_FILE = tea.xcodeproj/TermSwift_Info.plist;
				IPHONEOS_DEPLOYMENT_TARGET = 9.0;
				LD_RUNPATH_SEARCH_PATHS = "$(inherited) $(TOOLCHAIN_DIR)/usr/lib/swift/macosx";
				MACOSX_DEPLOYMENT_TARGET = 10.14;
				OTHER_CFLAGS = "$(inherited)";
				OTHER_LDFLAGS = "$(inherited)";
				OTHER_SWIFT_FLAGS = "$(inherited)";
				PRODUCT_BUNDLE_IDENTIFIER = TermSwift;
				PRODUCT_MODULE_NAME = "$(TARGET_NAME:c99extidentifier)";
				PRODUCT_NAME = "$(TARGET_NAME:c99extidentifier)";
				SKIP_INSTALL = YES;
				SWIFT_ACTIVE_COMPILATION_CONDITIONS = "$(inherited)";
				SWIFT_VERSION = 5.0;
				TARGET_NAME = TermSwift;
				TVOS_DEPLOYMENT_TARGET = 9.0;
				WATCHOS_DEPLOYMENT_TARGET = 2.0;
			};
			name = Release;
		};
		OBJ_164 /* Debug */ = {
			isa = XCBuildConfiguration;
			buildSettings = {
				LD = /usr/bin/true;
				OTHER_SWIFT_FLAGS = "-swift-version 5 -I $(TOOLCHAIN_DIR)/usr/lib/swift/pm/4_2 -sdk /Applications/Xcode.app/Contents/Developer/Platforms/MacOSX.platform/Developer/SDKs/MacOSX11.1.sdk -package-description-version 5.3.0";
				SWIFT_VERSION = 5.0;
			};
			name = Debug;
		};
		OBJ_165 /* Release */ = {
			isa = XCBuildConfiguration;
			buildSettings = {
				LD = /usr/bin/true;
				OTHER_SWIFT_FLAGS = "-swift-version 5 -I $(TOOLCHAIN_DIR)/usr/lib/swift/pm/4_2 -sdk /Applications/Xcode.app/Contents/Developer/Platforms/MacOSX.platform/Developer/SDKs/MacOSX11.1.sdk -package-description-version 5.3.0";
				SWIFT_VERSION = 5.0;
			};
			name = Release;
		};
		OBJ_170 /* Debug */ = {
			isa = XCBuildConfiguration;
			buildSettings = {
				ENABLE_TESTABILITY = YES;
				FRAMEWORK_SEARCH_PATHS = (
					"$(inherited)",
					"$(PLATFORM_DIR)/Developer/Library/Frameworks",
				);
				HEADER_SEARCH_PATHS = "$(inherited)";
				INFOPLIST_FILE = tea.xcodeproj/tea_Info.plist;
				IPHONEOS_DEPLOYMENT_TARGET = 9.0;
				LD_RUNPATH_SEARCH_PATHS = "$(inherited) $(TOOLCHAIN_DIR)/usr/lib/swift/macosx";
				MACOSX_DEPLOYMENT_TARGET = 10.14;
				OTHER_CFLAGS = "$(inherited)";
				OTHER_LDFLAGS = "$(inherited)";
				OTHER_SWIFT_FLAGS = "$(inherited)";
				PRODUCT_BUNDLE_IDENTIFIER = tea;
				PRODUCT_MODULE_NAME = "$(TARGET_NAME:c99extidentifier)";
				PRODUCT_NAME = "$(TARGET_NAME:c99extidentifier)";
				SKIP_INSTALL = YES;
				SWIFT_ACTIVE_COMPILATION_CONDITIONS = "$(inherited)";
				SWIFT_VERSION = 5.0;
				TARGET_NAME = tea;
				TVOS_DEPLOYMENT_TARGET = 9.0;
				WATCHOS_DEPLOYMENT_TARGET = 2.0;
			};
			name = Debug;
		};
		OBJ_171 /* Release */ = {
			isa = XCBuildConfiguration;
			buildSettings = {
				ENABLE_TESTABILITY = YES;
				FRAMEWORK_SEARCH_PATHS = (
					"$(inherited)",
					"$(PLATFORM_DIR)/Developer/Library/Frameworks",
				);
				HEADER_SEARCH_PATHS = "$(inherited)";
				INFOPLIST_FILE = tea.xcodeproj/tea_Info.plist;
				IPHONEOS_DEPLOYMENT_TARGET = 9.0;
				LD_RUNPATH_SEARCH_PATHS = "$(inherited) $(TOOLCHAIN_DIR)/usr/lib/swift/macosx";
				MACOSX_DEPLOYMENT_TARGET = 10.14;
				OTHER_CFLAGS = "$(inherited)";
				OTHER_LDFLAGS = "$(inherited)";
				OTHER_SWIFT_FLAGS = "$(inherited)";
				PRODUCT_BUNDLE_IDENTIFIER = tea;
				PRODUCT_MODULE_NAME = "$(TARGET_NAME:c99extidentifier)";
				PRODUCT_NAME = "$(TARGET_NAME:c99extidentifier)";
				SKIP_INSTALL = YES;
				SWIFT_ACTIVE_COMPILATION_CONDITIONS = "$(inherited)";
				SWIFT_VERSION = 5.0;
				TARGET_NAME = tea;
				TVOS_DEPLOYMENT_TARGET = 9.0;
				WATCHOS_DEPLOYMENT_TARGET = 2.0;
			};
			name = Release;
		};
		OBJ_191 /* Debug */ = {
			isa = XCBuildConfiguration;
			buildSettings = {
				LD = /usr/bin/true;
				OTHER_SWIFT_FLAGS = "-swift-version 5 -I $(TOOLCHAIN_DIR)/usr/lib/swift/pm/4_2 -sdk /Applications/Xcode.app/Contents/Developer/Platforms/MacOSX.platform/Developer/SDKs/MacOSX11.1.sdk -package-description-version 5.2.0";
				SWIFT_VERSION = 5.0;
			};
			name = Debug;
		};
		OBJ_192 /* Release */ = {
			isa = XCBuildConfiguration;
			buildSettings = {
				LD = /usr/bin/true;
				OTHER_SWIFT_FLAGS = "-swift-version 5 -I $(TOOLCHAIN_DIR)/usr/lib/swift/pm/4_2 -sdk /Applications/Xcode.app/Contents/Developer/Platforms/MacOSX.platform/Developer/SDKs/MacOSX11.1.sdk -package-description-version 5.2.0";
				SWIFT_VERSION = 5.0;
			};
			name = Release;
		};
		OBJ_197 /* Debug */ = {
			isa = XCBuildConfiguration;
			buildSettings = {
			};
			name = Debug;
		};
		OBJ_198 /* Release */ = {
			isa = XCBuildConfiguration;
			buildSettings = {
			};
			name = Release;
		};
		OBJ_202 /* Debug */ = {
			isa = XCBuildConfiguration;
			buildSettings = {
				CLANG_ENABLE_MODULES = YES;
				EMBEDDED_CONTENT_CONTAINS_SWIFT = YES;
				FRAMEWORK_SEARCH_PATHS = (
					"$(inherited)",
					"$(PLATFORM_DIR)/Developer/Library/Frameworks",
				);
				HEADER_SEARCH_PATHS = "$(inherited)";
				INFOPLIST_FILE = tea.xcodeproj/teaTests_Info.plist;
				IPHONEOS_DEPLOYMENT_TARGET = 14.0;
				LD_RUNPATH_SEARCH_PATHS = "$(inherited) @loader_path/../Frameworks @loader_path/Frameworks";
				MACOSX_DEPLOYMENT_TARGET = 10.15;
				OTHER_CFLAGS = "$(inherited)";
				OTHER_LDFLAGS = "$(inherited)";
				OTHER_SWIFT_FLAGS = "$(inherited)";
				SWIFT_ACTIVE_COMPILATION_CONDITIONS = "$(inherited)";
				SWIFT_VERSION = 5.0;
				TARGET_NAME = teaTests;
				TVOS_DEPLOYMENT_TARGET = 9.0;
				WATCHOS_DEPLOYMENT_TARGET = 2.0;
			};
			name = Debug;
		};
		OBJ_203 /* Release */ = {
			isa = XCBuildConfiguration;
			buildSettings = {
				CLANG_ENABLE_MODULES = YES;
				EMBEDDED_CONTENT_CONTAINS_SWIFT = YES;
				FRAMEWORK_SEARCH_PATHS = (
					"$(inherited)",
					"$(PLATFORM_DIR)/Developer/Library/Frameworks",
				);
				HEADER_SEARCH_PATHS = "$(inherited)";
				INFOPLIST_FILE = tea.xcodeproj/teaTests_Info.plist;
				IPHONEOS_DEPLOYMENT_TARGET = 14.0;
				LD_RUNPATH_SEARCH_PATHS = "$(inherited) @loader_path/../Frameworks @loader_path/Frameworks";
				MACOSX_DEPLOYMENT_TARGET = 10.15;
				OTHER_CFLAGS = "$(inherited)";
				OTHER_LDFLAGS = "$(inherited)";
				OTHER_SWIFT_FLAGS = "$(inherited)";
				SWIFT_ACTIVE_COMPILATION_CONDITIONS = "$(inherited)";
				SWIFT_VERSION = 5.0;
				TARGET_NAME = teaTests;
				TVOS_DEPLOYMENT_TARGET = 9.0;
				WATCHOS_DEPLOYMENT_TARGET = 2.0;
			};
			name = Release;
		};
		OBJ_3 /* Debug */ = {
			isa = XCBuildConfiguration;
			buildSettings = {
				CLANG_ENABLE_OBJC_ARC = YES;
				COMBINE_HIDPI_IMAGES = YES;
				COPY_PHASE_STRIP = NO;
				DEBUG_INFORMATION_FORMAT = dwarf;
				DYLIB_INSTALL_NAME_BASE = "@rpath";
				ENABLE_NS_ASSERTIONS = YES;
				GCC_OPTIMIZATION_LEVEL = 0;
				GCC_PREPROCESSOR_DEFINITIONS = (
					"$(inherited)",
					"SWIFT_PACKAGE=1",
					"DEBUG=1",
				);
				MACOSX_DEPLOYMENT_TARGET = 10.10;
				ONLY_ACTIVE_ARCH = YES;
				OTHER_SWIFT_FLAGS = "$(inherited) -DXcode";
				PRODUCT_NAME = "$(TARGET_NAME)";
				SDKROOT = macosx;
				SUPPORTED_PLATFORMS = "macosx iphoneos iphonesimulator appletvos appletvsimulator watchos watchsimulator";
				SWIFT_ACTIVE_COMPILATION_CONDITIONS = "$(inherited) SWIFT_PACKAGE DEBUG";
				SWIFT_OPTIMIZATION_LEVEL = "-Onone";
				USE_HEADERMAP = NO;
			};
			name = Debug;
		};
		OBJ_4 /* Release */ = {
			isa = XCBuildConfiguration;
			buildSettings = {
				CLANG_ENABLE_OBJC_ARC = YES;
				COMBINE_HIDPI_IMAGES = YES;
				COPY_PHASE_STRIP = YES;
				DEBUG_INFORMATION_FORMAT = "dwarf-with-dsym";
				DYLIB_INSTALL_NAME_BASE = "@rpath";
				GCC_OPTIMIZATION_LEVEL = s;
				GCC_PREPROCESSOR_DEFINITIONS = (
					"$(inherited)",
					"SWIFT_PACKAGE=1",
				);
				MACOSX_DEPLOYMENT_TARGET = 10.10;
				OTHER_SWIFT_FLAGS = "$(inherited) -DXcode";
				PRODUCT_NAME = "$(TARGET_NAME)";
				SDKROOT = macosx;
				SUPPORTED_PLATFORMS = "macosx iphoneos iphonesimulator appletvos appletvsimulator watchos watchsimulator";
				SWIFT_ACTIVE_COMPILATION_CONDITIONS = "$(inherited) SWIFT_PACKAGE";
				SWIFT_OPTIMIZATION_LEVEL = "-Owholemodule";
				USE_HEADERMAP = NO;
			};
			name = Release;
		};
		OBJ_94 /* Debug */ = {
			isa = XCBuildConfiguration;
			buildSettings = {
				ENABLE_TESTABILITY = YES;
				FRAMEWORK_SEARCH_PATHS = (
					"$(inherited)",
					"$(PLATFORM_DIR)/Developer/Library/Frameworks",
				);
				HEADER_SEARCH_PATHS = "$(inherited)";
				INFOPLIST_FILE = tea.xcodeproj/ReactiveSwift_Info.plist;
				IPHONEOS_DEPLOYMENT_TARGET = 9.0;
				LD_RUNPATH_SEARCH_PATHS = "$(inherited) $(TOOLCHAIN_DIR)/usr/lib/swift/macosx";
				MACOSX_DEPLOYMENT_TARGET = 10.10;
				OTHER_CFLAGS = "$(inherited)";
				OTHER_LDFLAGS = "$(inherited)";
				OTHER_SWIFT_FLAGS = "$(inherited)";
				PRODUCT_BUNDLE_IDENTIFIER = ReactiveSwift;
				PRODUCT_MODULE_NAME = "$(TARGET_NAME:c99extidentifier)";
				PRODUCT_NAME = "$(TARGET_NAME:c99extidentifier)";
				SKIP_INSTALL = YES;
				SWIFT_ACTIVE_COMPILATION_CONDITIONS = "$(inherited)";
				SWIFT_VERSION = 5.0;
				TARGET_NAME = ReactiveSwift;
				TVOS_DEPLOYMENT_TARGET = 9.0;
				WATCHOS_DEPLOYMENT_TARGET = 2.0;
			};
			name = Debug;
		};
		OBJ_95 /* Release */ = {
			isa = XCBuildConfiguration;
			buildSettings = {
				ENABLE_TESTABILITY = YES;
				FRAMEWORK_SEARCH_PATHS = (
					"$(inherited)",
					"$(PLATFORM_DIR)/Developer/Library/Frameworks",
				);
				HEADER_SEARCH_PATHS = "$(inherited)";
				INFOPLIST_FILE = tea.xcodeproj/ReactiveSwift_Info.plist;
				IPHONEOS_DEPLOYMENT_TARGET = 9.0;
				LD_RUNPATH_SEARCH_PATHS = "$(inherited) $(TOOLCHAIN_DIR)/usr/lib/swift/macosx";
				MACOSX_DEPLOYMENT_TARGET = 10.10;
				OTHER_CFLAGS = "$(inherited)";
				OTHER_LDFLAGS = "$(inherited)";
				OTHER_SWIFT_FLAGS = "$(inherited)";
				PRODUCT_BUNDLE_IDENTIFIER = ReactiveSwift;
				PRODUCT_MODULE_NAME = "$(TARGET_NAME:c99extidentifier)";
				PRODUCT_NAME = "$(TARGET_NAME:c99extidentifier)";
				SKIP_INSTALL = YES;
				SWIFT_ACTIVE_COMPILATION_CONDITIONS = "$(inherited)";
				SWIFT_VERSION = 5.0;
				TARGET_NAME = ReactiveSwift;
				TVOS_DEPLOYMENT_TARGET = 9.0;
				WATCHOS_DEPLOYMENT_TARGET = 2.0;
			};
			name = Release;
		};
/* End XCBuildConfiguration section */

/* Begin XCConfigurationList section */
		OBJ_142 /* Build configuration list for PBXNativeTarget "ReactiveSwiftPackageDescription" */ = {
			isa = XCConfigurationList;
			buildConfigurations = (
				OBJ_143 /* Debug */,
				OBJ_144 /* Release */,
			);
			defaultConfigurationIsVisible = 0;
			defaultConfigurationName = Release;
		};
		OBJ_148 /* Build configuration list for PBXNativeTarget "TermSwift" */ = {
			isa = XCConfigurationList;
			buildConfigurations = (
				OBJ_149 /* Debug */,
				OBJ_150 /* Release */,
			);
			defaultConfigurationIsVisible = 0;
			defaultConfigurationName = Release;
		};
		OBJ_163 /* Build configuration list for PBXNativeTarget "TermSwiftPackageDescription" */ = {
			isa = XCConfigurationList;
			buildConfigurations = (
				OBJ_164 /* Debug */,
				OBJ_165 /* Release */,
			);
			defaultConfigurationIsVisible = 0;
			defaultConfigurationName = Release;
		};
		OBJ_169 /* Build configuration list for PBXNativeTarget "tea" */ = {
			isa = XCConfigurationList;
			buildConfigurations = (
				OBJ_170 /* Debug */,
				OBJ_171 /* Release */,
			);
			defaultConfigurationIsVisible = 0;
			defaultConfigurationName = Release;
		};
		OBJ_190 /* Build configuration list for PBXNativeTarget "teaPackageDescription" */ = {
			isa = XCConfigurationList;
			buildConfigurations = (
				OBJ_191 /* Debug */,
				OBJ_192 /* Release */,
			);
			defaultConfigurationIsVisible = 0;
			defaultConfigurationName = Release;
		};
		OBJ_196 /* Build configuration list for PBXAggregateTarget "teaPackageTests" */ = {
			isa = XCConfigurationList;
			buildConfigurations = (
				OBJ_197 /* Debug */,
				OBJ_198 /* Release */,
			);
			defaultConfigurationIsVisible = 0;
			defaultConfigurationName = Release;
		};
		OBJ_2 /* Build configuration list for PBXProject "tea" */ = {
			isa = XCConfigurationList;
			buildConfigurations = (
				OBJ_3 /* Debug */,
				OBJ_4 /* Release */,
			);
			defaultConfigurationIsVisible = 0;
			defaultConfigurationName = Release;
		};
		OBJ_201 /* Build configuration list for PBXNativeTarget "teaTests" */ = {
			isa = XCConfigurationList;
			buildConfigurations = (
				OBJ_202 /* Debug */,
				OBJ_203 /* Release */,
			);
			defaultConfigurationIsVisible = 0;
			defaultConfigurationName = Release;
		};
		OBJ_93 /* Build configuration list for PBXNativeTarget "ReactiveSwift" */ = {
			isa = XCConfigurationList;
			buildConfigurations = (
				OBJ_94 /* Debug */,
				OBJ_95 /* Release */,
			);
			defaultConfigurationIsVisible = 0;
			defaultConfigurationName = Release;
		};
/* End XCConfigurationList section */
	};
	rootObject = OBJ_1 /* Project object */;
}
